
Microsoft Visual Studio Solution File, Format Version 12.00
# Visual Studio Version 16
VisualStudioVersion = 16.0.30804.86
MinimumVisualStudioVersion = 10.0.40219.1
Project("{FAE04EC0-301F-11D3-BF4B-00C04F79EFBC}") = "GradeCustomListMay", "GradeCustomListMay\GradeCustomListMay.csproj", "{B61FA852-72A5-497B-9195-033AB78C4DDD}"
EndProject
Global
	GlobalSection(SolutionConfigurationPlatforms) = preSolution
		Debug|Any CPU = Debug|Any CPU
		Release|Any CPU = Release|Any CPU
	EndGlobalSection
	GlobalSection(ProjectConfigurationPlatforms) = postSolution
		{B61FA852-72A5-497B-9195-033AB78C4DDD}.Debug|Any CPU.ActiveCfg = Debug|Any CPU
		{B61FA852-72A5-497B-9195-033AB78C4DDD}.Debug|Any CPU.Build.0 = Debug|Any CPU
		{B61FA852-72A5-497B-9195-033AB78C4DDD}.Release|Any CPU.ActiveCfg = Release|Any CPU
		{B61FA852-72A5-497B-9195-033AB78C4DDD}.Release|Any CPU.Build.0 = Release|Any CPU
	EndGlobalSection
	GlobalSection(SolutionProperties) = preSolution
		HideSolutionNode = FALSE
	EndGlobalSection
	GlobalSection(ExtensibilityGlobals) = postSolution
		SolutionGuid = {19E80CA1-7AD5-436C-9C3F-C4BF4A6ECE9F}
	EndGlobalSection
EndGlobal
